
Microsoft Visual Studio Solution File, Format Version 12.00
# Visual Studio Version 17
VisualStudioVersion = 17.0.32126.317
MinimumVisualStudioVersion = 10.0.40219.1
Project("{FAE04EC0-301F-11D3-BF4B-00C04F79EFBC}") = "NganHang", "NganHang\NganHang.csproj", "{F77FCCC8-0725-4AF8-9B34-406322198ADF}"
EndProject
Global
	GlobalSection(SolutionConfigurationPlatforms) = preSolution
		Debug|Any CPU = Debug|Any CPU
		Release|Any CPU = Release|Any CPU
	EndGlobalSection
	GlobalSection(ProjectConfigurationPlatforms) = postSolution
		{F77FCCC8-0725-4AF8-9B34-406322198ADF}.Debug|Any CPU.ActiveCfg = Debug|Any CPU
		{F77FCCC8-0725-4AF8-9B34-406322198ADF}.Debug|Any CPU.Build.0 = Debug|Any CPU
		{F77FCCC8-0725-4AF8-9B34-406322198ADF}.Release|Any CPU.ActiveCfg = Release|Any CPU
		{F77FCCC8-0725-4AF8-9B34-406322198ADF}.Release|Any CPU.Build.0 = Release|Any CPU
	EndGlobalSection
	GlobalSection(SolutionProperties) = preSolution
		HideSolutionNode = FALSE
	EndGlobalSection
	GlobalSection(ExtensibilityGlobals) = postSolution
		SolutionGuid = {4514DA02-8B9D-4E5F-8BC6-840498B27664}
	EndGlobalSection
EndGlobal
